
Microsoft Visual Studio Solution File, Format Version 12.00
# Visual Studio Version 17
VisualStudioVersion = 17.0.31717.71
MinimumVisualStudioVersion = 10.0.40219.1
Project("{FAE04EC0-301F-11D3-BF4B-00C04F79EFBC}") = "PasteSimple2", "PasteSimple2.csproj", "{325FBD8A-948A-4AF7-A52D-33EE730DA788}"
EndProject
Global
	GlobalSection(SolutionConfigurationPlatforms) = preSolution
		Debug|Any CPU = Debug|Any CPU
		Release|Any CPU = Release|Any CPU
	EndGlobalSection
	GlobalSection(ProjectConfigurationPlatforms) = postSolution
		{325FBD8A-948A-4AF7-A52D-33EE730DA788}.Debug|Any CPU.ActiveCfg = Debug|Any CPU
		{325FBD8A-948A-4AF7-A52D-33EE730DA788}.Debug|Any CPU.Build.0 = Debug|Any CPU
		{325FBD8A-948A-4AF7-A52D-33EE730DA788}.Release|Any CPU.ActiveCfg = Release|Any CPU
		{325FBD8A-948A-4AF7-A52D-33EE730DA788}.Release|Any CPU.Build.0 = Release|Any CPU
	EndGlobalSection
	GlobalSection(SolutionProperties) = preSolution
		HideSolutionNode = FALSE
	EndGlobalSection
	GlobalSection(ExtensibilityGlobals) = postSolution
		SolutionGuid = {D0E022D1-25D3-43ED-9350-57503B93BA03}
	EndGlobalSection
EndGlobal
